lockfileVersion: '6.0'

settings:
  autoInstallPeers: true
  excludeLinksFromLockfile: false

dependencies:
  '@types/node':
    specifier: ~20.2.5
    version: registry.npmjs.org/@types/node@20.2.6
  prettier:
    specifier: ^3.0.3
    version: registry.npmjs.org/prettier@3.1.1
  ts-node:
    specifier: 10.9.1
    version: registry.npmjs.org/ts-node@10.9.1(@types/node@20.2.6)(typescript@5.3.3)
  typescript:
    specifier: ^5.3.3
    version: registry.npmjs.org/typescript@5.3.3

packages:

  registry.npmjs.org/@cspotcode/source-map-support@0.8.1:
    resolution: {integrity: sha512-IchNf6dN4tHoMFIn/7OE8LWZ19Y6q/67Bmf6vnGREv8RSbBVb9LPJxEcnwrcwX6ixSvaiGoomAUvu4YSxXrVgw==, registry: https://registry.yarnpkg.com/, tarball: https://registry.npmjs.org/@cspotcode/source-map-support/-/source-map-support-0.8.1.tgz}
    name: '@cspotcode/source-map-support'
    version: 0.8.1
    engines: {node: '>=12'}
    dependencies:
      '@jridgewell/trace-mapping': registry.npmjs.org/@jridgewell/trace-mapping@0.3.9
    dev: false

  registry.npmjs.org/@jridgewell/resolve-uri@3.1.1:
    resolution: {integrity: sha512-dSYZh7HhCDtCKm4QakX0xFpsRDqjjtZf/kjI/v3T3Nwt5r8/qz/M19F9ySyOqU94SXBmeG9ttTul+YnR4LOxFA==, registry: https://registry.yarnpkg.com/, tarball: https://registry.npmjs.org/@jridgewell/resolve-uri/-/resolve-uri-3.1.1.tgz}
    name: '@jridgewell/resolve-uri'
    version: 3.1.1
    engines: {node: '>=6.0.0'}
    dev: false

  registry.npmjs.org/@jridgewell/sourcemap-codec@1.4.15:
    resolution: {integrity: sha512-eF2rxCRulEKXHTRiDrDy6erMYWqNw4LPdQ8UQA4huuxaQsVeRPFl2oM8oDGxMFhJUWZf9McpLtJasDDZb/Bpeg==, registry: https://registry.yarnpkg.com/, tarball: https://registry.npmjs.org/@jridgewell/sourcemap-codec/-/sourcemap-codec-1.4.15.tgz}
    name: '@jridgewell/sourcemap-codec'
    version: 1.4.15
    dev: false

  registry.npmjs.org/@jridgewell/trace-mapping@0.3.9:
    resolution: {integrity: sha512-3Belt6tdc8bPgAtbcmdtNJlirVoTmEb5e2gC94PnkwEW9jI6CAHUeoG85tjWP5WquqfavoMtMwiG4P926ZKKuQ==, registry: https://registry.yarnpkg.com/, tarball: https://registry.npmjs.org/@jridgewell/trace-mapping/-/trace-mapping-0.3.9.tgz}
    name: '@jridgewell/trace-mapping'
    version: 0.3.9
    dependencies:
      '@jridgewell/resolve-uri': registry.npmjs.org/@jridgewell/resolve-uri@3.1.1
      '@jridgewell/sourcemap-codec': registry.npmjs.org/@jridgewell/sourcemap-codec@1.4.15
    dev: false

  registry.npmjs.org/@tsconfig/node10@1.0.9:
    resolution: {integrity: sha512-jNsYVVxU8v5g43Erja32laIDHXeoNvFEpX33OK4d6hljo3jDhCBDhx5dhCCTMWUojscpAagGiRkBKxpdl9fxqA==, registry: https://registry.yarnpkg.com/, tarball: https://registry.npmjs.org/@tsconfig/node10/-/node10-1.0.9.tgz}
    name: '@tsconfig/node10'
    version: 1.0.9
    dev: false

  registry.npmjs.org/@tsconfig/node12@1.0.11:
    resolution: {integrity: sha512-cqefuRsh12pWyGsIoBKJA9luFu3mRxCA+ORZvA4ktLSzIuCUtWVxGIuXigEwO5/ywWFMZ2QEGKWvkZG1zDMTag==, registry: https://registry.yarnpkg.com/, tarball: https://registry.npmjs.org/@tsconfig/node12/-/node12-1.0.11.tgz}
    name: '@tsconfig/node12'
    version: 1.0.11
    dev: false

  registry.npmjs.org/@tsconfig/node14@1.0.3:
    resolution: {integrity: sha512-ysT8mhdixWK6Hw3i1V2AeRqZ5WfXg1G43mqoYlM2nc6388Fq5jcXyr5mRsqViLx/GJYdoL0bfXD8nmF+Zn/Iow==, registry: https://registry.yarnpkg.com/, tarball: https://registry.npmjs.org/@tsconfig/node14/-/node14-1.0.3.tgz}
    name: '@tsconfig/node14'
    version: 1.0.3
    dev: false

  registry.npmjs.org/@tsconfig/node16@1.0.4:
    resolution: {integrity: sha512-vxhUy4J8lyeyinH7Azl1pdd43GJhZH/tP2weN8TntQblOY+A0XbT8DJk1/oCPuOOyg/Ja757rG0CgHcWC8OfMA==, registry: https://registry.yarnpkg.com/, tarball: https://registry.npmjs.org/@tsconfig/node16/-/node16-1.0.4.tgz}
    name: '@tsconfig/node16'
    version: 1.0.4
    dev: false

  registry.npmjs.org/@types/node@20.2.6:
    resolution: {integrity: sha512-GQBWUtGoefMEOx/vu+emHEHU5aw6JdDoEtZhoBrHFPZbA/YNRFfN996XbBASEWdvmLSLyv9FKYppYGyZjCaq/g==, registry: https://registry.yarnpkg.com/, tarball: https://registry.npmjs.org/@types/node/-/node-20.2.6.tgz}
    name: '@types/node'
    version: 20.2.6
    dev: false

  registry.npmjs.org/acorn-walk@8.3.1:
    resolution: {integrity: sha512-TgUZgYvqZprrl7YldZNoa9OciCAyZR+Ejm9eXzKCmjsF5IKp/wgQ7Z/ZpjpGTIUPwrHQIcYeI8qDh4PsEwxMbw==, registry: https://registry.yarnpkg.com/, tarball: https://registry.npmjs.org/acorn-walk/-/acorn-walk-8.3.1.tgz}
    name: acorn-walk
    version: 8.3.1
    engines: {node: '>=0.4.0'}
    dev: false

  registry.npmjs.org/acorn@8.11.3:
    resolution: {integrity: sha512-Y9rRfJG5jcKOE0CLisYbojUjIrIEE7AGMzA/Sm4BslANhbS+cDMpgBdcPT91oJ7OuJ9hYJBx59RjbhxVnrF8Xg==, registry: https://registry.yarnpkg.com/, tarball: https://registry.npmjs.org/acorn/-/acorn-8.11.3.tgz}
    name: acorn
    version: 8.11.3
    engines: {node: '>=0.4.0'}
    hasBin: true
    dev: false

  registry.npmjs.org/arg@4.1.3:
    resolution: {integrity: sha512-58S9QDqG0Xx27YwPSt9fJxivjYl432YCwfDMfZ+71RAqUrZef7LrKQZ3LHLOwCS4FLNBplP533Zx895SeOCHvA==, registry: https://registry.yarnpkg.com/, tarball: https://registry.npmjs.org/arg/-/arg-4.1.3.tgz}
    name: arg
    version: 4.1.3
    dev: false

  registry.npmjs.org/create-require@1.1.1:
    resolution: {integrity: sha512-dcKFX3jn0MpIaXjisoRvexIJVEKzaq7z2rZKxf+MSr9TkdmHmsU4m2lcLojrj/FHl8mk5VxMmYA+ftRkP/3oKQ==, registry: https://registry.yarnpkg.com/, tarball: https://registry.npmjs.org/create-require/-/create-require-1.1.1.tgz}
    name: create-require
    version: 1.1.1
    dev: false

  registry.npmjs.org/diff@4.0.2:
    resolution: {integrity: sha512-58lmxKSA4BNyLz+HHMUzlOEpg09FV+ev6ZMe3vJihgdxzgcwZ8VoEEPmALCZG9LmqfVoNMMKpttIYTVG6uDY7A==, registry: https://registry.yarnpkg.com/, tarball: https://registry.npmjs.org/diff/-/diff-4.0.2.tgz}
    name: diff
    version: 4.0.2
    engines: {node: '>=0.3.1'}
    dev: false

  registry.npmjs.org/make-error@1.3.6:
    resolution: {integrity: sha512-s8UhlNe7vPKomQhC1qFelMokr/Sc3AgNbso3n74mVPA5LTZwkB9NlXf4XPamLxJE8h0gh73rM94xvwRT2CVInw==, registry: https://registry.yarnpkg.com/, tarball: https://registry.npmjs.org/make-error/-/make-error-1.3.6.tgz}
    name: make-error
    version: 1.3.6
    dev: false

  registry.npmjs.org/prettier@3.1.1:
    resolution: {integrity: sha512-22UbSzg8luF4UuZtzgiUOfcGM8s4tjBv6dJRT7j275NXsy2jb4aJa4NNveul5x4eqlF1wuhuR2RElK71RvmVaw==, registry: https://registry.yarnpkg.com/, tarball: https://registry.npmjs.org/prettier/-/prettier-3.1.1.tgz}
    name: prettier
    version: 3.1.1
    engines: {node: '>=14'}
    hasBin: true
    dev: false

  registry.npmjs.org/ts-node@10.9.1(@types/node@20.2.6)(typescript@5.3.3):
    resolution: {integrity: sha512-NtVysVPkxxrwFGUUxGYhfux8k78pQB3JqYBXlLRZgdGUqTO5wU/UyHop5p70iEbGhB7q5KmiZiU0Y3KlJrScEw==, registry: https://registry.yarnpkg.com/, tarball: https://registry.npmjs.org/ts-node/-/ts-node-10.9.1.tgz}
    id: registry.npmjs.org/ts-node/10.9.1
    name: ts-node
    version: 10.9.1
    hasBin: true
    peerDependencies:
      '@swc/core': '>=1.2.50'
      '@swc/wasm': '>=1.2.50'
      '@types/node': '*'
      typescript: '>=2.7'
    peerDependenciesMeta:
      '@swc/core':
        optional: true
      '@swc/wasm':
        optional: true
    dependencies:
      '@cspotcode/source-map-support': registry.npmjs.org/@cspotcode/source-map-support@0.8.1
      '@tsconfig/node10': registry.npmjs.org/@tsconfig/node10@1.0.9
      '@tsconfig/node12': registry.npmjs.org/@tsconfig/node12@1.0.11
      '@tsconfig/node14': registry.npmjs.org/@tsconfig/node14@1.0.3
      '@tsconfig/node16': registry.npmjs.org/@tsconfig/node16@1.0.4
      '@types/node': registry.npmjs.org/@types/node@20.2.6
      acorn: registry.npmjs.org/acorn@8.11.3
      acorn-walk: registry.npmjs.org/acorn-walk@8.3.1
      arg: registry.npmjs.org/arg@4.1.3
      create-require: registry.npmjs.org/create-require@1.1.1
      diff: registry.npmjs.org/diff@4.0.2
      make-error: registry.npmjs.org/make-error@1.3.6
      typescript: registry.npmjs.org/typescript@5.3.3
      v8-compile-cache-lib: registry.npmjs.org/v8-compile-cache-lib@3.0.1
      yn: registry.npmjs.org/yn@3.1.1
    dev: false

  registry.npmjs.org/typescript@5.3.3:
    resolution: {integrity: sha512-pXWcraxM0uxAS+tN0AG/BF2TyqmHO014Z070UsJ+pFvYuRSq8KH8DmWpnbXe0pEPDHXZV3FcAbJkijJ5oNEnWw==, registry: https://registry.yarnpkg.com/, tarball: https://registry.npmjs.org/typescript/-/typescript-5.3.3.tgz}
    name: typescript
    version: 5.3.3
    engines: {node: '>=14.17'}
    hasBin: true
    dev: false

  registry.npmjs.org/v8-compile-cache-lib@3.0.1:
    resolution: {integrity: sha512-wa7YjyUGfNZngI/vtK0UHAN+lgDCxBPCylVXGp0zu59Fz5aiGtNXaq3DhIov063MorB+VfufLh3JlF2KdTK3xg==, registry: https://registry.yarnpkg.com/, tarball: https://registry.npmjs.org/v8-compile-cache-lib/-/v8-compile-cache-lib-3.0.1.tgz}
    name: v8-compile-cache-lib
    version: 3.0.1
    dev: false

  registry.npmjs.org/yn@3.1.1:
    resolution: {integrity: sha512-Ux4ygGWsu2c7isFWe8Yu1YluJmqVhxqK2cLXNQA5AcC3QfbGNpM7fu0Y8b/z16pXLnFxZYvWhd3fhBY9DLmC6Q==, registry: https://registry.yarnpkg.com/, tarball: https://registry.npmjs.org/yn/-/yn-3.1.1.tgz}
    name: yn
    version: 3.1.1
    engines: {node: '>=6'}
    dev: false
